# THIS IS AN AUTOGENERATED FILE. DO NOT EDIT THIS FILE DIRECTLY.
# yarn lockfile v1


"@daml.js/daml-prim-DA-Types-1.0.0@file:../daml-prim-DA-Types-1.0.0":
  version "0.0.0"
  dependencies:
    "@mojotech/json-type-validation" "^3.1.0"

"@daml.js/daml-stdlib-DA-Set-Types-1.0.0@file:../daml-stdlib-DA-Set-Types-1.0.0":
  version "0.0.0"
  dependencies:
    "@mojotech/json-type-validation" "^3.1.0"

"@daml.js/daml-stdlib-DA-Time-Types-1.0.0@file:../daml-stdlib-DA-Time-Types-1.0.0":
  version "0.0.0"
  dependencies:
    "@mojotech/json-type-validation" "^3.1.0"

"@daml.js/ghc-stdlib-DA-Internal-Template-1.0.0@file:../ghc-stdlib-DA-Internal-Template-1.0.0":
  version "0.0.0"
  dependencies:
    "@mojotech/json-type-validation" "^3.1.0"

"@daml.js/splice-api-token-holding-v1-1.0.0@file:../splice-api-token-holding-v1-1.0.0":
  version "0.0.0"
  dependencies:
    "@daml.js/daml-stdlib-DA-Time-Types-1.0.0" "file:../../../../../Library/Caches/Yarn/v6/npm-@daml-js-splice-api-token-holding-v1-1-0-0-0.0.0-4b52f006-68dc-4895-ad4d-d41863f8804a-1779456773184/node_modules/@daml.js/daml-stdlib-DA-Time-Types-1.0.0"
    "@daml.js/ghc-stdlib-DA-Internal-Template-1.0.0" "file:../../../../../Library/Caches/Yarn/v6/npm-@daml-js-splice-api-token-holding-v1-1-0-0-0.0.0-4b52f006-68dc-4895-ad4d-d41863f8804a-1779456773184/node_modules/@daml.js/ghc-stdlib-DA-Internal-Template-1.0.0"
    "@daml.js/splice-api-token-metadata-v1-1.0.0" "file:../../../../../Library/Caches/Yarn/v6/npm-@daml-js-splice-api-token-holding-v1-1-0-0-0.0.0-4b52f006-68dc-4895-ad4d-d41863f8804a-1779456773184/node_modules/@daml.js/splice-api-token-metadata-v1-1.0.0"
    "@mojotech/json-type-validation" "^3.1.0"

"@daml.js/splice-api-token-metadata-v1-1.0.0@file:../splice-api-token-metadata-v1-1.0.0":
  version "0.0.0"
  dependencies:
    "@daml.js/daml-stdlib-DA-Time-Types-1.0.0" "file:../../../../../Library/Caches/Yarn/v6/npm-@daml-js-splice-api-token-metadata-v1-1-0-0-0.0.0-a30921a2-1a45-4af2-8954-3fcb61c7fc35-1779456773186/node_modules/@daml.js/daml-stdlib-DA-Time-Types-1.0.0"
    "@daml.js/ghc-stdlib-DA-Internal-Template-1.0.0" "file:../../../../../Library/Caches/Yarn/v6/npm-@daml-js-splice-api-token-metadata-v1-1-0-0-0.0.0-a30921a2-1a45-4af2-8954-3fcb61c7fc35-1779456773186/node_modules/@daml.js/ghc-stdlib-DA-Internal-Template-1.0.0"
    "@mojotech/json-type-validation" "^3.1.0"

"@mojotech/json-type-validation@^3.1.0":
  version "3.1.0"
  resolved "https://registry.yarnpkg.com/@mojotech/json-type-validation/-/json-type-validation-3.1.0.tgz#13357741bce0e0d7e63369bf384fd92956cc7c99"
  integrity sha512-ThH2EbHEUCPMHhXAtmYcDi0gmV+PZak4uvuWBMiBDqUuz7gGQUrsE5o1J6kKNLDX5cXAPqsfJ7uTfTcNdCDXxA==
  dependencies:
    lodash.isequal "^4.5.0"

lodash.isequal@^4.5.0:
  version "4.5.0"
  resolved "https://registry.yarnpkg.com/lodash.isequal/-/lodash.isequal-4.5.0.tgz#415c4478f2bcc30120c22ce10ed3226f7d3e18e0"
  integrity sha512-pDo3lu8Jhfjqls6GkMgpahsF9kCyayhgykjyLMNFTKWrpVdAQtYyB4muAMWozBB4ig/dtWAmsMxLEI8wuz+DYQ==
