# THIS IS AN AUTOGENERATED FILE. DO NOT EDIT THIS FILE DIRECTLY.
# yarn lockfile v1


"@daml.js/daml-prim-DA-Types-1.0.0@file:../daml-prim-DA-Types-1.0.0":
  version "0.0.0"
  dependencies:
    "@mojotech/json-type-validation" "^3.1.0"

"@daml.js/daml-stdlib-DA-Set-Types-1.0.0@file:../daml-stdlib-DA-Set-Types-1.0.0":
  version "0.0.0"
  dependencies:
    "@mojotech/json-type-validation" "^3.1.0"

"@daml.js/daml-stdlib-DA-Time-Types-1.0.0@file:../daml-stdlib-DA-Time-Types-1.0.0":
  version "0.0.0"
  dependencies:
    "@mojotech/json-type-validation" "^3.1.0"

"@daml.js/ghc-stdlib-DA-Internal-Template-1.0.0@file:../ghc-stdlib-DA-Internal-Template-1.0.0":
  version "0.0.0"
  dependencies:
    "@mojotech/json-type-validation" "^3.1.0"

"@daml.js/splice-api-featured-app-v1-1.0.0@file:../splice-api-featured-app-v1-1.0.0":
  version "0.0.0"
  dependencies:
    "@daml.js/ghc-stdlib-DA-Internal-Template-1.0.0" "file:../../../../../Library/Caches/Yarn/v6/npm-@daml-js-splice-api-featured-app-v1-1-0-0-0.0.0-1d4f243f-e975-4044-b4f4-c7805cbb91ae-1779456771030/node_modules/@daml.js/ghc-stdlib-DA-Internal-Template-1.0.0"
    "@mojotech/json-type-validation" "^3.1.0"

"@daml.js/splice-api-token-allocation-instruction-v1-1.0.0@file:../splice-api-token-allocation-instruction-v1-1.0.0":
  version "0.0.0"
  dependencies:
    "@daml.js/ghc-stdlib-DA-Internal-Template-1.0.0" "file:../../../../../Library/Caches/Yarn/v6/npm-@daml-js-splice-api-token-allocation-instruction-v1-1-0-0-0.0.0-e47484ce-05fe-414b-9482-411717496db6-1779456771017/node_modules/@daml.js/ghc-stdlib-DA-Internal-Template-1.0.0"
    "@daml.js/splice-api-token-allocation-v1-1.0.0" "file:../../../../../Library/Caches/Yarn/v6/npm-@daml-js-splice-api-token-allocation-instruction-v1-1-0-0-0.0.0-e47484ce-05fe-414b-9482-411717496db6-1779456771017/node_modules/@daml.js/splice-api-token-allocation-v1-1.0.0"
    "@daml.js/splice-api-token-holding-v1-1.0.0" "file:../../../../../Library/Caches/Yarn/v6/npm-@daml-js-splice-api-token-allocation-instruction-v1-1-0-0-0.0.0-e47484ce-05fe-414b-9482-411717496db6-1779456771017/node_modules/@daml.js/splice-api-token-holding-v1-1.0.0"
    "@daml.js/splice-api-token-metadata-v1-1.0.0" "file:../../../../../Library/Caches/Yarn/v6/npm-@daml-js-splice-api-token-allocation-instruction-v1-1-0-0-0.0.0-e47484ce-05fe-414b-9482-411717496db6-1779456771017/node_modules/@daml.js/splice-api-token-metadata-v1-1.0.0"
    "@mojotech/json-type-validation" "^3.1.0"

"@daml.js/splice-api-token-allocation-request-v1-1.0.0@file:../splice-api-token-allocation-request-v1-1.0.0":
  version "0.0.0"
  dependencies:
    "@daml.js/ghc-stdlib-DA-Internal-Template-1.0.0" "file:../../../../../Library/Caches/Yarn/v6/npm-@daml-js-splice-api-token-allocation-request-v1-1-0-0-0.0.0-41264824-e4dd-454c-b970-9a4aca3282e4-1779456771022/node_modules/@daml.js/ghc-stdlib-DA-Internal-Template-1.0.0"
    "@daml.js/splice-api-token-allocation-v1-1.0.0" "file:../../../../../Library/Caches/Yarn/v6/npm-@daml-js-splice-api-token-allocation-request-v1-1-0-0-0.0.0-41264824-e4dd-454c-b970-9a4aca3282e4-1779456771022/node_modules/@daml.js/splice-api-token-allocation-v1-1.0.0"
    "@daml.js/splice-api-token-metadata-v1-1.0.0" "file:../../../../../Library/Caches/Yarn/v6/npm-@daml-js-splice-api-token-allocation-request-v1-1-0-0-0.0.0-41264824-e4dd-454c-b970-9a4aca3282e4-1779456771022/node_modules/@daml.js/splice-api-token-metadata-v1-1.0.0"
    "@mojotech/json-type-validation" "^3.1.0"

"@daml.js/splice-api-token-allocation-v1-1.0.0@file:../splice-api-token-allocation-v1-1.0.0":
  version "0.0.0"
  dependencies:
    "@daml.js/ghc-stdlib-DA-Internal-Template-1.0.0" "file:../../../../../Library/Caches/Yarn/v6/npm-@daml-js-splice-api-token-allocation-v1-1-0-0-0.0.0-70ccf259-284a-4f65-80eb-9b7a0f385e30-1779456771019/node_modules/@daml.js/ghc-stdlib-DA-Internal-Template-1.0.0"
    "@daml.js/splice-api-token-holding-v1-1.0.0" "file:../../../../../Library/Caches/Yarn/v6/npm-@daml-js-splice-api-token-allocation-v1-1-0-0-0.0.0-70ccf259-284a-4f65-80eb-9b7a0f385e30-1779456771019/node_modules/@daml.js/splice-api-token-holding-v1-1.0.0"
    "@daml.js/splice-api-token-metadata-v1-1.0.0" "file:../../../../../Library/Caches/Yarn/v6/npm-@daml-js-splice-api-token-allocation-v1-1-0-0-0.0.0-70ccf259-284a-4f65-80eb-9b7a0f385e30-1779456771019/node_modules/@daml.js/splice-api-token-metadata-v1-1.0.0"
    "@mojotech/json-type-validation" "^3.1.0"

"@daml.js/splice-api-token-burn-mint-v1-1.0.0@file:../splice-api-token-burn-mint-v1-1.0.0":
  version "0.0.0"
  dependencies:
    "@daml.js/ghc-stdlib-DA-Internal-Template-1.0.0" "file:../../../../../Library/Caches/Yarn/v6/npm-@daml-js-splice-api-token-burn-mint-v1-1-0-0-0.0.0-3ba33ca6-73a0-4b8e-9528-bdad4721c57d-1779456771024/node_modules/@daml.js/ghc-stdlib-DA-Internal-Template-1.0.0"
    "@daml.js/splice-api-token-holding-v1-1.0.0" "file:../../../../../Library/Caches/Yarn/v6/npm-@daml-js-splice-api-token-burn-mint-v1-1-0-0-0.0.0-3ba33ca6-73a0-4b8e-9528-bdad4721c57d-1779456771024/node_modules/@daml.js/splice-api-token-holding-v1-1.0.0"
    "@daml.js/splice-api-token-metadata-v1-1.0.0" "file:../../../../../Library/Caches/Yarn/v6/npm-@daml-js-splice-api-token-burn-mint-v1-1-0-0-0.0.0-3ba33ca6-73a0-4b8e-9528-bdad4721c57d-1779456771024/node_modules/@daml.js/splice-api-token-metadata-v1-1.0.0"
    "@mojotech/json-type-validation" "^3.1.0"

"@daml.js/splice-api-token-holding-v1-1.0.0@file:../splice-api-token-holding-v1-1.0.0":
  version "0.0.0"
  dependencies:
    "@daml.js/daml-stdlib-DA-Time-Types-1.0.0" "file:../../../../../Library/Caches/Yarn/v6/npm-@daml-js-splice-api-token-holding-v1-1-0-0-0.0.0-f46e052d-d499-4fe4-84d9-69d8076ddb69-1779456771020/node_modules/@daml.js/daml-stdlib-DA-Time-Types-1.0.0"
    "@daml.js/ghc-stdlib-DA-Internal-Template-1.0.0" "file:../../../../../Library/Caches/Yarn/v6/npm-@daml-js-splice-api-token-holding-v1-1-0-0-0.0.0-f46e052d-d499-4fe4-84d9-69d8076ddb69-1779456771020/node_modules/@daml.js/ghc-stdlib-DA-Internal-Template-1.0.0"
    "@daml.js/splice-api-token-metadata-v1-1.0.0" "file:../../../../../Library/Caches/Yarn/v6/npm-@daml-js-splice-api-token-holding-v1-1-0-0-0.0.0-f46e052d-d499-4fe4-84d9-69d8076ddb69-1779456771020/node_modules/@daml.js/splice-api-token-metadata-v1-1.0.0"
    "@mojotech/json-type-validation" "^3.1.0"

"@daml.js/splice-api-token-metadata-v1-1.0.0@file:../splice-api-token-metadata-v1-1.0.0":
  version "0.0.0"
  dependencies:
    "@daml.js/daml-stdlib-DA-Time-Types-1.0.0" "file:../../../../../Library/Caches/Yarn/v6/npm-@daml-js-splice-api-token-metadata-v1-1-0-0-0.0.0-fb0b3fea-70af-4e49-938f-1072202f61ec-1779456771019/node_modules/@daml.js/daml-stdlib-DA-Time-Types-1.0.0"
    "@daml.js/ghc-stdlib-DA-Internal-Template-1.0.0" "file:../../../../../Library/Caches/Yarn/v6/npm-@daml-js-splice-api-token-metadata-v1-1-0-0-0.0.0-fb0b3fea-70af-4e49-938f-1072202f61ec-1779456771019/node_modules/@daml.js/ghc-stdlib-DA-Internal-Template-1.0.0"
    "@mojotech/json-type-validation" "^3.1.0"

"@daml.js/splice-api-token-transfer-instruction-v1-1.0.0@file:../splice-api-token-transfer-instruction-v1-1.0.0":
  version "0.0.0"
  dependencies:
    "@daml.js/ghc-stdlib-DA-Internal-Template-1.0.0" "file:../../../../../Library/Caches/Yarn/v6/npm-@daml-js-splice-api-token-transfer-instruction-v1-1-0-0-0.0.0-dba78495-e0a3-4a9b-8559-799c6bf7b3ce-1779456771025/node_modules/@daml.js/ghc-stdlib-DA-Internal-Template-1.0.0"
    "@daml.js/splice-api-token-holding-v1-1.0.0" "file:../../../../../Library/Caches/Yarn/v6/npm-@daml-js-splice-api-token-transfer-instruction-v1-1-0-0-0.0.0-dba78495-e0a3-4a9b-8559-799c6bf7b3ce-1779456771025/node_modules/@daml.js/splice-api-token-holding-v1-1.0.0"
    "@daml.js/splice-api-token-metadata-v1-1.0.0" "file:../../../../../Library/Caches/Yarn/v6/npm-@daml-js-splice-api-token-transfer-instruction-v1-1-0-0-0.0.0-dba78495-e0a3-4a9b-8559-799c6bf7b3ce-1779456771025/node_modules/@daml.js/splice-api-token-metadata-v1-1.0.0"
    "@mojotech/json-type-validation" "^3.1.0"

"@daml.js/utility-credential-v0-0.1.0@file:../utility-credential-v0-0.1.0":
  version "0.0.0"
  dependencies:
    "@daml.js/daml-prim-DA-Types-1.0.0" "file:../../../../../Library/Caches/Yarn/v6/npm-@daml-js-utility-credential-v0-0-1-0-0.0.0-8e852397-6902-46c4-b603-f38283c4b225-1779456771026/node_modules/@daml.js/daml-prim-DA-Types-1.0.0"
    "@daml.js/daml-stdlib-DA-Set-Types-1.0.0" "file:../../../../../Library/Caches/Yarn/v6/npm-@daml-js-utility-credential-v0-0-1-0-0.0.0-8e852397-6902-46c4-b603-f38283c4b225-1779456771026/node_modules/@daml.js/daml-stdlib-DA-Set-Types-1.0.0"
    "@daml.js/ghc-stdlib-DA-Internal-Template-1.0.0" "file:../../../../../Library/Caches/Yarn/v6/npm-@daml-js-utility-credential-v0-0-1-0-0.0.0-8e852397-6902-46c4-b603-f38283c4b225-1779456771026/node_modules/@daml.js/ghc-stdlib-DA-Internal-Template-1.0.0"
    "@mojotech/json-type-validation" "^3.1.0"

"@daml.js/utility-registry-holding-v0-0.2.1@file:../utility-registry-holding-v0-0.2.1":
  version "0.0.0"
  dependencies:
    "@daml.js/daml-prim-DA-Types-1.0.0" "file:../../../../../Library/Caches/Yarn/v6/npm-@daml-js-utility-registry-holding-v0-0-2-1-0.0.0-e6f4bfbf-234c-4cef-90d2-ad719041b7d4-1779456771028/node_modules/@daml.js/daml-prim-DA-Types-1.0.0"
    "@daml.js/daml-stdlib-DA-Set-Types-1.0.0" "file:../../../../../Library/Caches/Yarn/v6/npm-@daml-js-utility-registry-holding-v0-0-2-1-0.0.0-e6f4bfbf-234c-4cef-90d2-ad719041b7d4-1779456771028/node_modules/@daml.js/daml-stdlib-DA-Set-Types-1.0.0"
    "@daml.js/ghc-stdlib-DA-Internal-Template-1.0.0" "file:../../../../../Library/Caches/Yarn/v6/npm-@daml-js-utility-registry-holding-v0-0-2-1-0.0.0-e6f4bfbf-234c-4cef-90d2-ad719041b7d4-1779456771028/node_modules/@daml.js/ghc-stdlib-DA-Internal-Template-1.0.0"
    "@daml.js/splice-api-token-holding-v1-1.0.0" "file:../../../../../Library/Caches/Yarn/v6/npm-@daml-js-utility-registry-holding-v0-0-2-1-0.0.0-e6f4bfbf-234c-4cef-90d2-ad719041b7d4-1779456771028/node_modules/@daml.js/splice-api-token-holding-v1-1.0.0"
    "@daml.js/splice-api-token-metadata-v1-1.0.0" "file:../../../../../Library/Caches/Yarn/v6/npm-@daml-js-utility-registry-holding-v0-0-2-1-0.0.0-e6f4bfbf-234c-4cef-90d2-ad719041b7d4-1779456771028/node_modules/@daml.js/splice-api-token-metadata-v1-1.0.0"
    "@mojotech/json-type-validation" "^3.1.0"

"@daml.js/utility-registry-v0-0.6.0@file:../utility-registry-v0-0.6.0":
  version "0.0.0"
  dependencies:
    "@daml.js/daml-stdlib-DA-Set-Types-1.0.0" "file:../../../../../Library/Caches/Yarn/v6/npm-@daml-js-utility-registry-v0-0-6-0-0.0.0-27e611ab-4710-45d8-ab0b-93227df78e26-1779456771029/node_modules/@daml.js/daml-stdlib-DA-Set-Types-1.0.0"
    "@daml.js/ghc-stdlib-DA-Internal-Template-1.0.0" "file:../../../../../Library/Caches/Yarn/v6/npm-@daml-js-utility-registry-v0-0-6-0-0.0.0-27e611ab-4710-45d8-ab0b-93227df78e26-1779456771029/node_modules/@daml.js/ghc-stdlib-DA-Internal-Template-1.0.0"
    "@daml.js/splice-api-featured-app-v1-1.0.0" "file:../../../../../Library/Caches/Yarn/v6/npm-@daml-js-utility-registry-v0-0-6-0-0.0.0-27e611ab-4710-45d8-ab0b-93227df78e26-1779456771029/node_modules/@daml.js/splice-api-featured-app-v1-1.0.0"
    "@daml.js/splice-api-token-allocation-v1-1.0.0" "file:../../../../../Library/Caches/Yarn/v6/npm-@daml-js-utility-registry-v0-0-6-0-0.0.0-27e611ab-4710-45d8-ab0b-93227df78e26-1779456771029/node_modules/@daml.js/splice-api-token-allocation-v1-1.0.0"
    "@daml.js/splice-api-token-metadata-v1-1.0.0" "file:../../../../../Library/Caches/Yarn/v6/npm-@daml-js-utility-registry-v0-0-6-0-0.0.0-27e611ab-4710-45d8-ab0b-93227df78e26-1779456771029/node_modules/@daml.js/splice-api-token-metadata-v1-1.0.0"
    "@daml.js/splice-api-token-transfer-instruction-v1-1.0.0" "file:../../../../../Library/Caches/Yarn/v6/npm-@daml-js-utility-registry-v0-0-6-0-0.0.0-27e611ab-4710-45d8-ab0b-93227df78e26-1779456771029/node_modules/@daml.js/splice-api-token-transfer-instruction-v1-1.0.0"
    "@daml.js/utility-credential-v0-0.1.0" "file:../../../../../Library/Caches/Yarn/v6/npm-@daml-js-utility-registry-v0-0-6-0-0.0.0-27e611ab-4710-45d8-ab0b-93227df78e26-1779456771029/node_modules/@daml.js/utility-credential-v0-0.1.0"
    "@daml.js/utility-registry-holding-v0-0.2.1" "file:../../../../../Library/Caches/Yarn/v6/npm-@daml-js-utility-registry-v0-0-6-0-0.0.0-27e611ab-4710-45d8-ab0b-93227df78e26-1779456771029/node_modules/@daml.js/utility-registry-holding-v0-0.2.1"
    "@mojotech/json-type-validation" "^3.1.0"

"@mojotech/json-type-validation@^3.1.0":
  version "3.1.0"
  resolved "https://registry.yarnpkg.com/@mojotech/json-type-validation/-/json-type-validation-3.1.0.tgz#13357741bce0e0d7e63369bf384fd92956cc7c99"
  integrity sha512-ThH2EbHEUCPMHhXAtmYcDi0gmV+PZak4uvuWBMiBDqUuz7gGQUrsE5o1J6kKNLDX5cXAPqsfJ7uTfTcNdCDXxA==
  dependencies:
    lodash.isequal "^4.5.0"

lodash.isequal@^4.5.0:
  version "4.5.0"
  resolved "https://registry.yarnpkg.com/lodash.isequal/-/lodash.isequal-4.5.0.tgz#415c4478f2bcc30120c22ce10ed3226f7d3e18e0"
  integrity sha512-pDo3lu8Jhfjqls6GkMgpahsF9kCyayhgykjyLMNFTKWrpVdAQtYyB4muAMWozBB4ig/dtWAmsMxLEI8wuz+DYQ==
