# THIS IS AN AUTOGENERATED FILE. DO NOT EDIT THIS FILE DIRECTLY.
# yarn lockfile v1


"@daml.js/daml-prim-DA-Types-1.0.0@file:../daml-prim-DA-Types-1.0.0":
  version "0.0.0"
  dependencies:
    "@mojotech/json-type-validation" "^3.1.0"

"@daml.js/daml-stdlib-DA-Set-Types-1.0.0@file:../daml-stdlib-DA-Set-Types-1.0.0":
  version "0.0.0"
  dependencies:
    "@mojotech/json-type-validation" "^3.1.0"

"@daml.js/daml-stdlib-DA-Time-Types-1.0.0@file:../daml-stdlib-DA-Time-Types-1.0.0":
  version "0.0.0"
  dependencies:
    "@mojotech/json-type-validation" "^3.1.0"

"@daml.js/ghc-stdlib-DA-Internal-Template-1.0.0@file:../ghc-stdlib-DA-Internal-Template-1.0.0":
  version "0.0.0"
  dependencies:
    "@mojotech/json-type-validation" "^3.1.0"

"@daml.js/splice-api-featured-app-v1-1.0.0@file:../splice-api-featured-app-v1-1.0.0":
  version "0.0.0"
  dependencies:
    "@daml.js/ghc-stdlib-DA-Internal-Template-1.0.0" "file:../../../../../Library/Caches/Yarn/v6/npm-@daml-js-splice-api-featured-app-v1-1-0-0-0.0.0-b8689387-0de9-48e8-8bec-8c130da717f3-1779456757348/node_modules/@daml.js/ghc-stdlib-DA-Internal-Template-1.0.0"
    "@mojotech/json-type-validation" "^3.1.0"

"@daml.js/splice-api-featured-app-v2-1.0.0@file:../splice-api-featured-app-v2-1.0.0":
  version "0.0.0"
  dependencies:
    "@daml.js/ghc-stdlib-DA-Internal-Template-1.0.0" "file:../../../../../Library/Caches/Yarn/v6/npm-@daml-js-splice-api-featured-app-v2-1-0-0-0.0.0-1ca3a03f-798e-4814-89e5-f8180c5e8a0d-1779456757349/node_modules/@daml.js/ghc-stdlib-DA-Internal-Template-1.0.0"
    "@mojotech/json-type-validation" "^3.1.0"

"@daml.js/splice-api-token-allocation-instruction-v1-1.0.0@file:../splice-api-token-allocation-instruction-v1-1.0.0":
  version "0.0.0"
  dependencies:
    "@daml.js/ghc-stdlib-DA-Internal-Template-1.0.0" "file:../../../../../Library/Caches/Yarn/v6/npm-@daml-js-splice-api-token-allocation-instruction-v1-1-0-0-0.0.0-fb4bee25-1ba9-48b5-80c7-4351e243119c-1779456757349/node_modules/@daml.js/ghc-stdlib-DA-Internal-Template-1.0.0"
    "@daml.js/splice-api-token-allocation-v1-1.0.0" "file:../../../../../Library/Caches/Yarn/v6/npm-@daml-js-splice-api-token-allocation-instruction-v1-1-0-0-0.0.0-fb4bee25-1ba9-48b5-80c7-4351e243119c-1779456757349/node_modules/@daml.js/splice-api-token-allocation-v1-1.0.0"
    "@daml.js/splice-api-token-holding-v1-1.0.0" "file:../../../../../Library/Caches/Yarn/v6/npm-@daml-js-splice-api-token-allocation-instruction-v1-1-0-0-0.0.0-fb4bee25-1ba9-48b5-80c7-4351e243119c-1779456757349/node_modules/@daml.js/splice-api-token-holding-v1-1.0.0"
    "@daml.js/splice-api-token-metadata-v1-1.0.0" "file:../../../../../Library/Caches/Yarn/v6/npm-@daml-js-splice-api-token-allocation-instruction-v1-1-0-0-0.0.0-fb4bee25-1ba9-48b5-80c7-4351e243119c-1779456757349/node_modules/@daml.js/splice-api-token-metadata-v1-1.0.0"
    "@mojotech/json-type-validation" "^3.1.0"

"@daml.js/splice-api-token-allocation-v1-1.0.0@file:../splice-api-token-allocation-v1-1.0.0":
  version "0.0.0"
  dependencies:
    "@daml.js/ghc-stdlib-DA-Internal-Template-1.0.0" "file:../../../../../Library/Caches/Yarn/v6/npm-@daml-js-splice-api-token-allocation-v1-1-0-0-0.0.0-5df0957a-0080-411e-81fc-69b82984f282-1779456757351/node_modules/@daml.js/ghc-stdlib-DA-Internal-Template-1.0.0"
    "@daml.js/splice-api-token-holding-v1-1.0.0" "file:../../../../../Library/Caches/Yarn/v6/npm-@daml-js-splice-api-token-allocation-v1-1-0-0-0.0.0-5df0957a-0080-411e-81fc-69b82984f282-1779456757351/node_modules/@daml.js/splice-api-token-holding-v1-1.0.0"
    "@daml.js/splice-api-token-metadata-v1-1.0.0" "file:../../../../../Library/Caches/Yarn/v6/npm-@daml-js-splice-api-token-allocation-v1-1-0-0-0.0.0-5df0957a-0080-411e-81fc-69b82984f282-1779456757351/node_modules/@daml.js/splice-api-token-metadata-v1-1.0.0"
    "@mojotech/json-type-validation" "^3.1.0"

"@daml.js/splice-api-token-holding-v1-1.0.0@file:../splice-api-token-holding-v1-1.0.0":
  version "0.0.0"
  dependencies:
    "@daml.js/daml-stdlib-DA-Time-Types-1.0.0" "file:../../../../../Library/Caches/Yarn/v6/npm-@daml-js-splice-api-token-holding-v1-1-0-0-0.0.0-7656bab7-7722-42d7-a24a-ae8c59a52600-1779456757351/node_modules/@daml.js/daml-stdlib-DA-Time-Types-1.0.0"
    "@daml.js/ghc-stdlib-DA-Internal-Template-1.0.0" "file:../../../../../Library/Caches/Yarn/v6/npm-@daml-js-splice-api-token-holding-v1-1-0-0-0.0.0-7656bab7-7722-42d7-a24a-ae8c59a52600-1779456757351/node_modules/@daml.js/ghc-stdlib-DA-Internal-Template-1.0.0"
    "@daml.js/splice-api-token-metadata-v1-1.0.0" "file:../../../../../Library/Caches/Yarn/v6/npm-@daml-js-splice-api-token-holding-v1-1-0-0-0.0.0-7656bab7-7722-42d7-a24a-ae8c59a52600-1779456757351/node_modules/@daml.js/splice-api-token-metadata-v1-1.0.0"
    "@mojotech/json-type-validation" "^3.1.0"

"@daml.js/splice-api-token-metadata-v1-1.0.0@file:../splice-api-token-metadata-v1-1.0.0":
  version "0.0.0"
  dependencies:
    "@daml.js/daml-stdlib-DA-Time-Types-1.0.0" "file:../../../../../Library/Caches/Yarn/v6/npm-@daml-js-splice-api-token-metadata-v1-1-0-0-0.0.0-85378755-4e8f-4be6-891c-98085bb5a515-1779456757351/node_modules/@daml.js/daml-stdlib-DA-Time-Types-1.0.0"
    "@daml.js/ghc-stdlib-DA-Internal-Template-1.0.0" "file:../../../../../Library/Caches/Yarn/v6/npm-@daml-js-splice-api-token-metadata-v1-1-0-0-0.0.0-85378755-4e8f-4be6-891c-98085bb5a515-1779456757351/node_modules/@daml.js/ghc-stdlib-DA-Internal-Template-1.0.0"
    "@mojotech/json-type-validation" "^3.1.0"

"@daml.js/splice-api-token-transfer-instruction-v1-1.0.0@file:../splice-api-token-transfer-instruction-v1-1.0.0":
  version "0.0.0"
  dependencies:
    "@daml.js/ghc-stdlib-DA-Internal-Template-1.0.0" "file:../../../../../Library/Caches/Yarn/v6/npm-@daml-js-splice-api-token-transfer-instruction-v1-1-0-0-0.0.0-dafb5a1d-9b32-4f26-b122-b829a5588352-1779456757353/node_modules/@daml.js/ghc-stdlib-DA-Internal-Template-1.0.0"
    "@daml.js/splice-api-token-holding-v1-1.0.0" "file:../../../../../Library/Caches/Yarn/v6/npm-@daml-js-splice-api-token-transfer-instruction-v1-1-0-0-0.0.0-dafb5a1d-9b32-4f26-b122-b829a5588352-1779456757353/node_modules/@daml.js/splice-api-token-holding-v1-1.0.0"
    "@daml.js/splice-api-token-metadata-v1-1.0.0" "file:../../../../../Library/Caches/Yarn/v6/npm-@daml-js-splice-api-token-transfer-instruction-v1-1-0-0-0.0.0-dafb5a1d-9b32-4f26-b122-b829a5588352-1779456757353/node_modules/@daml.js/splice-api-token-metadata-v1-1.0.0"
    "@mojotech/json-type-validation" "^3.1.0"

"@mojotech/json-type-validation@^3.1.0":
  version "3.1.0"
  resolved "https://registry.yarnpkg.com/@mojotech/json-type-validation/-/json-type-validation-3.1.0.tgz#13357741bce0e0d7e63369bf384fd92956cc7c99"
  integrity sha512-ThH2EbHEUCPMHhXAtmYcDi0gmV+PZak4uvuWBMiBDqUuz7gGQUrsE5o1J6kKNLDX5cXAPqsfJ7uTfTcNdCDXxA==
  dependencies:
    lodash.isequal "^4.5.0"

lodash.isequal@^4.5.0:
  version "4.5.0"
  resolved "https://registry.yarnpkg.com/lodash.isequal/-/lodash.isequal-4.5.0.tgz#415c4478f2bcc30120c22ce10ed3226f7d3e18e0"
  integrity sha512-pDo3lu8Jhfjqls6GkMgpahsF9kCyayhgykjyLMNFTKWrpVdAQtYyB4muAMWozBB4ig/dtWAmsMxLEI8wuz+DYQ==
