# THIS IS AN AUTOGENERATED FILE. DO NOT EDIT THIS FILE DIRECTLY.
# yarn lockfile v1


"@daml.js/daml-prim-DA-Types-1.0.0@file:../daml-prim-DA-Types-1.0.0":
  version "0.0.0"
  dependencies:
    "@mojotech/json-type-validation" "^3.1.0"

"@daml.js/daml-stdlib-DA-Set-Types-1.0.0@file:../daml-stdlib-DA-Set-Types-1.0.0":
  version "0.0.0"
  dependencies:
    "@mojotech/json-type-validation" "^3.1.0"

"@daml.js/daml-stdlib-DA-Time-Types-1.0.0@file:../daml-stdlib-DA-Time-Types-1.0.0":
  version "0.0.0"
  dependencies:
    "@mojotech/json-type-validation" "^3.1.0"

"@daml.js/ghc-stdlib-DA-Internal-Template-1.0.0@file:../ghc-stdlib-DA-Internal-Template-1.0.0":
  version "0.0.0"
  dependencies:
    "@mojotech/json-type-validation" "^3.1.0"

"@daml.js/splice-amulet-0.1.16@file:../splice-amulet-0.1.16":
  version "0.0.0"
  dependencies:
    "@daml.js/daml-prim-DA-Types-1.0.0" "file:../../../../../Library/Caches/Yarn/v6/npm-@daml-js-splice-amulet-0-1-16-0.0.0-fd16c064-cbd9-4ae9-a348-e81abce6f784-1779456767555/node_modules/@daml.js/daml-prim-DA-Types-1.0.0"
    "@daml.js/daml-stdlib-DA-Set-Types-1.0.0" "file:../../../../../Library/Caches/Yarn/v6/npm-@daml-js-splice-amulet-0-1-16-0.0.0-fd16c064-cbd9-4ae9-a348-e81abce6f784-1779456767555/node_modules/@daml.js/daml-stdlib-DA-Set-Types-1.0.0"
    "@daml.js/daml-stdlib-DA-Time-Types-1.0.0" "file:../../../../../Library/Caches/Yarn/v6/npm-@daml-js-splice-amulet-0-1-16-0.0.0-fd16c064-cbd9-4ae9-a348-e81abce6f784-1779456767555/node_modules/@daml.js/daml-stdlib-DA-Time-Types-1.0.0"
    "@daml.js/ghc-stdlib-DA-Internal-Template-1.0.0" "file:../../../../../Library/Caches/Yarn/v6/npm-@daml-js-splice-amulet-0-1-16-0.0.0-fd16c064-cbd9-4ae9-a348-e81abce6f784-1779456767555/node_modules/@daml.js/ghc-stdlib-DA-Internal-Template-1.0.0"
    "@daml.js/splice-api-featured-app-v1-1.0.0" "file:../../../../../Library/Caches/Yarn/v6/npm-@daml-js-splice-amulet-0-1-16-0.0.0-fd16c064-cbd9-4ae9-a348-e81abce6f784-1779456767555/node_modules/@daml.js/splice-api-featured-app-v1-1.0.0"
    "@daml.js/splice-api-featured-app-v2-1.0.0" "file:../../../../../Library/Caches/Yarn/v6/npm-@daml-js-splice-amulet-0-1-16-0.0.0-fd16c064-cbd9-4ae9-a348-e81abce6f784-1779456767555/node_modules/@daml.js/splice-api-featured-app-v2-1.0.0"
    "@daml.js/splice-api-token-allocation-instruction-v1-1.0.0" "file:../../../../../Library/Caches/Yarn/v6/npm-@daml-js-splice-amulet-0-1-16-0.0.0-fd16c064-cbd9-4ae9-a348-e81abce6f784-1779456767555/node_modules/@daml.js/splice-api-token-allocation-instruction-v1-1.0.0"
    "@daml.js/splice-api-token-allocation-v1-1.0.0" "file:../../../../../Library/Caches/Yarn/v6/npm-@daml-js-splice-amulet-0-1-16-0.0.0-fd16c064-cbd9-4ae9-a348-e81abce6f784-1779456767555/node_modules/@daml.js/splice-api-token-allocation-v1-1.0.0"
    "@daml.js/splice-api-token-holding-v1-1.0.0" "file:../../../../../Library/Caches/Yarn/v6/npm-@daml-js-splice-amulet-0-1-16-0.0.0-fd16c064-cbd9-4ae9-a348-e81abce6f784-1779456767555/node_modules/@daml.js/splice-api-token-holding-v1-1.0.0"
    "@daml.js/splice-api-token-metadata-v1-1.0.0" "file:../../../../../Library/Caches/Yarn/v6/npm-@daml-js-splice-amulet-0-1-16-0.0.0-fd16c064-cbd9-4ae9-a348-e81abce6f784-1779456767555/node_modules/@daml.js/splice-api-token-metadata-v1-1.0.0"
    "@daml.js/splice-api-token-transfer-instruction-v1-1.0.0" "file:../../../../../Library/Caches/Yarn/v6/npm-@daml-js-splice-amulet-0-1-16-0.0.0-fd16c064-cbd9-4ae9-a348-e81abce6f784-1779456767555/node_modules/@daml.js/splice-api-token-transfer-instruction-v1-1.0.0"
    "@mojotech/json-type-validation" "^3.1.0"

"@daml.js/splice-api-featured-app-v1-1.0.0@file:../splice-api-featured-app-v1-1.0.0":
  version "0.0.0"
  dependencies:
    "@daml.js/ghc-stdlib-DA-Internal-Template-1.0.0" "file:../../../../../Library/Caches/Yarn/v6/npm-@daml-js-splice-api-featured-app-v1-1-0-0-0.0.0-da30f91f-6c48-4aea-9f26-e42fa7ecda11-1779456767560/node_modules/@daml.js/ghc-stdlib-DA-Internal-Template-1.0.0"
    "@mojotech/json-type-validation" "^3.1.0"

"@daml.js/splice-api-featured-app-v2-1.0.0@file:../splice-api-featured-app-v2-1.0.0":
  version "0.0.0"
  dependencies:
    "@daml.js/ghc-stdlib-DA-Internal-Template-1.0.0" "file:../../../../../Library/Caches/Yarn/v6/npm-@daml-js-splice-api-featured-app-v2-1-0-0-0.0.0-e2b0e215-5b55-4748-bc6d-e96d2e3d6cb2-1779456767561/node_modules/@daml.js/ghc-stdlib-DA-Internal-Template-1.0.0"
    "@mojotech/json-type-validation" "^3.1.0"

"@daml.js/splice-api-token-allocation-instruction-v1-1.0.0@file:../splice-api-token-allocation-instruction-v1-1.0.0":
  version "0.0.0"
  dependencies:
    "@daml.js/ghc-stdlib-DA-Internal-Template-1.0.0" "file:../../../../../Library/Caches/Yarn/v6/npm-@daml-js-splice-api-token-allocation-instruction-v1-1-0-0-0.0.0-0c9410b9-7e0e-46fe-9d78-99a7c035b4f5-1779456767562/node_modules/@daml.js/ghc-stdlib-DA-Internal-Template-1.0.0"
    "@daml.js/splice-api-token-allocation-v1-1.0.0" "file:../../../../../Library/Caches/Yarn/v6/npm-@daml-js-splice-api-token-allocation-instruction-v1-1-0-0-0.0.0-0c9410b9-7e0e-46fe-9d78-99a7c035b4f5-1779456767562/node_modules/@daml.js/splice-api-token-allocation-v1-1.0.0"
    "@daml.js/splice-api-token-holding-v1-1.0.0" "file:../../../../../Library/Caches/Yarn/v6/npm-@daml-js-splice-api-token-allocation-instruction-v1-1-0-0-0.0.0-0c9410b9-7e0e-46fe-9d78-99a7c035b4f5-1779456767562/node_modules/@daml.js/splice-api-token-holding-v1-1.0.0"
    "@daml.js/splice-api-token-metadata-v1-1.0.0" "file:../../../../../Library/Caches/Yarn/v6/npm-@daml-js-splice-api-token-allocation-instruction-v1-1-0-0-0.0.0-0c9410b9-7e0e-46fe-9d78-99a7c035b4f5-1779456767562/node_modules/@daml.js/splice-api-token-metadata-v1-1.0.0"
    "@mojotech/json-type-validation" "^3.1.0"

"@daml.js/splice-api-token-allocation-v1-1.0.0@file:../splice-api-token-allocation-v1-1.0.0":
  version "0.0.0"
  dependencies:
    "@daml.js/ghc-stdlib-DA-Internal-Template-1.0.0" "file:../../../../../Library/Caches/Yarn/v6/npm-@daml-js-splice-api-token-allocation-v1-1-0-0-0.0.0-358428da-43ec-413a-8396-3fb634b63859-1779456767560/node_modules/@daml.js/ghc-stdlib-DA-Internal-Template-1.0.0"
    "@daml.js/splice-api-token-holding-v1-1.0.0" "file:../../../../../Library/Caches/Yarn/v6/npm-@daml-js-splice-api-token-allocation-v1-1-0-0-0.0.0-358428da-43ec-413a-8396-3fb634b63859-1779456767560/node_modules/@daml.js/splice-api-token-holding-v1-1.0.0"
    "@daml.js/splice-api-token-metadata-v1-1.0.0" "file:../../../../../Library/Caches/Yarn/v6/npm-@daml-js-splice-api-token-allocation-v1-1-0-0-0.0.0-358428da-43ec-413a-8396-3fb634b63859-1779456767560/node_modules/@daml.js/splice-api-token-metadata-v1-1.0.0"
    "@mojotech/json-type-validation" "^3.1.0"

"@daml.js/splice-api-token-holding-v1-1.0.0@file:../splice-api-token-holding-v1-1.0.0":
  version "0.0.0"
  dependencies:
    "@daml.js/daml-stdlib-DA-Time-Types-1.0.0" "file:../../../../../Library/Caches/Yarn/v6/npm-@daml-js-splice-api-token-holding-v1-1-0-0-0.0.0-64b850a3-2e2e-43d0-ba78-ecbeff1b2778-1779456767561/node_modules/@daml.js/daml-stdlib-DA-Time-Types-1.0.0"
    "@daml.js/ghc-stdlib-DA-Internal-Template-1.0.0" "file:../../../../../Library/Caches/Yarn/v6/npm-@daml-js-splice-api-token-holding-v1-1-0-0-0.0.0-64b850a3-2e2e-43d0-ba78-ecbeff1b2778-1779456767561/node_modules/@daml.js/ghc-stdlib-DA-Internal-Template-1.0.0"
    "@daml.js/splice-api-token-metadata-v1-1.0.0" "file:../../../../../Library/Caches/Yarn/v6/npm-@daml-js-splice-api-token-holding-v1-1-0-0-0.0.0-64b850a3-2e2e-43d0-ba78-ecbeff1b2778-1779456767561/node_modules/@daml.js/splice-api-token-metadata-v1-1.0.0"
    "@mojotech/json-type-validation" "^3.1.0"

"@daml.js/splice-api-token-metadata-v1-1.0.0@file:../splice-api-token-metadata-v1-1.0.0":
  version "0.0.0"
  dependencies:
    "@daml.js/daml-stdlib-DA-Time-Types-1.0.0" "file:../../../../../Library/Caches/Yarn/v6/npm-@daml-js-splice-api-token-metadata-v1-1-0-0-0.0.0-bc849329-545c-4920-ab10-2eac43096666-1779456767564/node_modules/@daml.js/daml-stdlib-DA-Time-Types-1.0.0"
    "@daml.js/ghc-stdlib-DA-Internal-Template-1.0.0" "file:../../../../../Library/Caches/Yarn/v6/npm-@daml-js-splice-api-token-metadata-v1-1-0-0-0.0.0-bc849329-545c-4920-ab10-2eac43096666-1779456767564/node_modules/@daml.js/ghc-stdlib-DA-Internal-Template-1.0.0"
    "@mojotech/json-type-validation" "^3.1.0"

"@daml.js/splice-api-token-transfer-instruction-v1-1.0.0@file:../splice-api-token-transfer-instruction-v1-1.0.0":
  version "0.0.0"
  dependencies:
    "@daml.js/ghc-stdlib-DA-Internal-Template-1.0.0" "file:../../../../../Library/Caches/Yarn/v6/npm-@daml-js-splice-api-token-transfer-instruction-v1-1-0-0-0.0.0-f684f9f9-57e5-420e-bd7d-2e14c21343b4-1779456767563/node_modules/@daml.js/ghc-stdlib-DA-Internal-Template-1.0.0"
    "@daml.js/splice-api-token-holding-v1-1.0.0" "file:../../../../../Library/Caches/Yarn/v6/npm-@daml-js-splice-api-token-transfer-instruction-v1-1-0-0-0.0.0-f684f9f9-57e5-420e-bd7d-2e14c21343b4-1779456767563/node_modules/@daml.js/splice-api-token-holding-v1-1.0.0"
    "@daml.js/splice-api-token-metadata-v1-1.0.0" "file:../../../../../Library/Caches/Yarn/v6/npm-@daml-js-splice-api-token-transfer-instruction-v1-1-0-0-0.0.0-f684f9f9-57e5-420e-bd7d-2e14c21343b4-1779456767563/node_modules/@daml.js/splice-api-token-metadata-v1-1.0.0"
    "@mojotech/json-type-validation" "^3.1.0"

"@daml.js/utility-credential-v0-0.1.0@file:../utility-credential-v0-0.1.0":
  version "0.0.0"
  dependencies:
    "@daml.js/daml-prim-DA-Types-1.0.0" "file:../../../../../Library/Caches/Yarn/v6/npm-@daml-js-utility-credential-v0-0-1-0-0.0.0-632eaa0f-da88-4ca4-853f-d3dae54941eb-1779456767565/node_modules/@daml.js/daml-prim-DA-Types-1.0.0"
    "@daml.js/daml-stdlib-DA-Set-Types-1.0.0" "file:../../../../../Library/Caches/Yarn/v6/npm-@daml-js-utility-credential-v0-0-1-0-0.0.0-632eaa0f-da88-4ca4-853f-d3dae54941eb-1779456767565/node_modules/@daml.js/daml-stdlib-DA-Set-Types-1.0.0"
    "@daml.js/ghc-stdlib-DA-Internal-Template-1.0.0" "file:../../../../../Library/Caches/Yarn/v6/npm-@daml-js-utility-credential-v0-0-1-0-0.0.0-632eaa0f-da88-4ca4-853f-d3dae54941eb-1779456767565/node_modules/@daml.js/ghc-stdlib-DA-Internal-Template-1.0.0"
    "@mojotech/json-type-validation" "^3.1.0"

"@mojotech/json-type-validation@^3.1.0":
  version "3.1.0"
  resolved "https://registry.yarnpkg.com/@mojotech/json-type-validation/-/json-type-validation-3.1.0.tgz#13357741bce0e0d7e63369bf384fd92956cc7c99"
  integrity sha512-ThH2EbHEUCPMHhXAtmYcDi0gmV+PZak4uvuWBMiBDqUuz7gGQUrsE5o1J6kKNLDX5cXAPqsfJ7uTfTcNdCDXxA==
  dependencies:
    lodash.isequal "^4.5.0"

lodash.isequal@^4.5.0:
  version "4.5.0"
  resolved "https://registry.yarnpkg.com/lodash.isequal/-/lodash.isequal-4.5.0.tgz#415c4478f2bcc30120c22ce10ed3226f7d3e18e0"
  integrity sha512-pDo3lu8Jhfjqls6GkMgpahsF9kCyayhgykjyLMNFTKWrpVdAQtYyB4muAMWozBB4ig/dtWAmsMxLEI8wuz+DYQ==
