# THIS IS AN AUTOGENERATED FILE. DO NOT EDIT THIS FILE DIRECTLY.
# yarn lockfile v1


"@daml.js/daml-prim-DA-Types-1.0.0@file:../daml-prim-DA-Types-1.0.0":
  version "0.0.0"
  dependencies:
    "@mojotech/json-type-validation" "^3.1.0"

"@daml.js/daml-stdlib-DA-Set-Types-1.0.0@file:../daml-stdlib-DA-Set-Types-1.0.0":
  version "0.0.0"
  dependencies:
    "@mojotech/json-type-validation" "^3.1.0"

"@daml.js/daml-stdlib-DA-Time-Types-1.0.0@file:../daml-stdlib-DA-Time-Types-1.0.0":
  version "0.0.0"
  dependencies:
    "@mojotech/json-type-validation" "^3.1.0"

"@daml.js/ghc-stdlib-DA-Internal-Template-1.0.0@file:../ghc-stdlib-DA-Internal-Template-1.0.0":
  version "0.0.0"
  dependencies:
    "@mojotech/json-type-validation" "^3.1.0"

"@daml.js/splice-api-token-allocation-request-v1-1.0.0@file:../splice-api-token-allocation-request-v1-1.0.0":
  version "0.0.0"
  dependencies:
    "@daml.js/ghc-stdlib-DA-Internal-Template-1.0.0" "file:../../../../../Library/Caches/Yarn/v6/npm-@daml-js-splice-api-token-allocation-request-v1-1-0-0-0.0.0-b9ef33ee-3faa-448c-9f38-f5960dcdc3f0-1779456776303/node_modules/@daml.js/ghc-stdlib-DA-Internal-Template-1.0.0"
    "@daml.js/splice-api-token-allocation-v1-1.0.0" "file:../../../../../Library/Caches/Yarn/v6/npm-@daml-js-splice-api-token-allocation-request-v1-1-0-0-0.0.0-b9ef33ee-3faa-448c-9f38-f5960dcdc3f0-1779456776303/node_modules/@daml.js/splice-api-token-allocation-v1-1.0.0"
    "@daml.js/splice-api-token-metadata-v1-1.0.0" "file:../../../../../Library/Caches/Yarn/v6/npm-@daml-js-splice-api-token-allocation-request-v1-1-0-0-0.0.0-b9ef33ee-3faa-448c-9f38-f5960dcdc3f0-1779456776303/node_modules/@daml.js/splice-api-token-metadata-v1-1.0.0"
    "@mojotech/json-type-validation" "^3.1.0"

"@daml.js/splice-api-token-allocation-v1-1.0.0@file:../splice-api-token-allocation-v1-1.0.0":
  version "0.0.0"
  dependencies:
    "@daml.js/ghc-stdlib-DA-Internal-Template-1.0.0" "file:../../../../../Library/Caches/Yarn/v6/npm-@daml-js-splice-api-token-allocation-v1-1-0-0-0.0.0-6b5ab7a8-20ff-4de9-8091-ec9a26edbd42-1779456776306/node_modules/@daml.js/ghc-stdlib-DA-Internal-Template-1.0.0"
    "@daml.js/splice-api-token-holding-v1-1.0.0" "file:../../../../../Library/Caches/Yarn/v6/npm-@daml-js-splice-api-token-allocation-v1-1-0-0-0.0.0-6b5ab7a8-20ff-4de9-8091-ec9a26edbd42-1779456776306/node_modules/@daml.js/splice-api-token-holding-v1-1.0.0"
    "@daml.js/splice-api-token-metadata-v1-1.0.0" "file:../../../../../Library/Caches/Yarn/v6/npm-@daml-js-splice-api-token-allocation-v1-1-0-0-0.0.0-6b5ab7a8-20ff-4de9-8091-ec9a26edbd42-1779456776306/node_modules/@daml.js/splice-api-token-metadata-v1-1.0.0"
    "@mojotech/json-type-validation" "^3.1.0"

"@daml.js/splice-api-token-holding-v1-1.0.0@file:../splice-api-token-holding-v1-1.0.0":
  version "0.0.0"
  dependencies:
    "@daml.js/daml-stdlib-DA-Time-Types-1.0.0" "file:../../../../../Library/Caches/Yarn/v6/npm-@daml-js-splice-api-token-holding-v1-1-0-0-0.0.0-cddaac7f-062c-48ee-a8ea-32007ea4a774-1779456776307/node_modules/@daml.js/daml-stdlib-DA-Time-Types-1.0.0"
    "@daml.js/ghc-stdlib-DA-Internal-Template-1.0.0" "file:../../../../../Library/Caches/Yarn/v6/npm-@daml-js-splice-api-token-holding-v1-1-0-0-0.0.0-cddaac7f-062c-48ee-a8ea-32007ea4a774-1779456776307/node_modules/@daml.js/ghc-stdlib-DA-Internal-Template-1.0.0"
    "@daml.js/splice-api-token-metadata-v1-1.0.0" "file:../../../../../Library/Caches/Yarn/v6/npm-@daml-js-splice-api-token-holding-v1-1-0-0-0.0.0-cddaac7f-062c-48ee-a8ea-32007ea4a774-1779456776307/node_modules/@daml.js/splice-api-token-metadata-v1-1.0.0"
    "@mojotech/json-type-validation" "^3.1.0"

"@daml.js/splice-api-token-metadata-v1-1.0.0@file:../splice-api-token-metadata-v1-1.0.0":
  version "0.0.0"
  dependencies:
    "@daml.js/daml-stdlib-DA-Time-Types-1.0.0" "file:../../../../../Library/Caches/Yarn/v6/npm-@daml-js-splice-api-token-metadata-v1-1-0-0-0.0.0-63ddb00a-6c45-446d-a83e-6498a45f1f1a-1779456776305/node_modules/@daml.js/daml-stdlib-DA-Time-Types-1.0.0"
    "@daml.js/ghc-stdlib-DA-Internal-Template-1.0.0" "file:../../../../../Library/Caches/Yarn/v6/npm-@daml-js-splice-api-token-metadata-v1-1-0-0-0.0.0-63ddb00a-6c45-446d-a83e-6498a45f1f1a-1779456776305/node_modules/@daml.js/ghc-stdlib-DA-Internal-Template-1.0.0"
    "@mojotech/json-type-validation" "^3.1.0"

"@daml.js/utility-credential-v0-0.1.0@file:../utility-credential-v0-0.1.0":
  version "0.0.0"
  dependencies:
    "@daml.js/daml-prim-DA-Types-1.0.0" "file:../../../../../Library/Caches/Yarn/v6/npm-@daml-js-utility-credential-v0-0-1-0-0.0.0-d4a573ec-445d-49fb-807d-b029bdb49272-1779456776310/node_modules/@daml.js/daml-prim-DA-Types-1.0.0"
    "@daml.js/daml-stdlib-DA-Set-Types-1.0.0" "file:../../../../../Library/Caches/Yarn/v6/npm-@daml-js-utility-credential-v0-0-1-0-0.0.0-d4a573ec-445d-49fb-807d-b029bdb49272-1779456776310/node_modules/@daml.js/daml-stdlib-DA-Set-Types-1.0.0"
    "@daml.js/ghc-stdlib-DA-Internal-Template-1.0.0" "file:../../../../../Library/Caches/Yarn/v6/npm-@daml-js-utility-credential-v0-0-1-0-0.0.0-d4a573ec-445d-49fb-807d-b029bdb49272-1779456776310/node_modules/@daml.js/ghc-stdlib-DA-Internal-Template-1.0.0"
    "@mojotech/json-type-validation" "^3.1.0"

"@mojotech/json-type-validation@^3.1.0":
  version "3.1.0"
  resolved "https://registry.yarnpkg.com/@mojotech/json-type-validation/-/json-type-validation-3.1.0.tgz#13357741bce0e0d7e63369bf384fd92956cc7c99"
  integrity sha512-ThH2EbHEUCPMHhXAtmYcDi0gmV+PZak4uvuWBMiBDqUuz7gGQUrsE5o1J6kKNLDX5cXAPqsfJ7uTfTcNdCDXxA==
  dependencies:
    lodash.isequal "^4.5.0"

lodash.isequal@^4.5.0:
  version "4.5.0"
  resolved "https://registry.yarnpkg.com/lodash.isequal/-/lodash.isequal-4.5.0.tgz#415c4478f2bcc30120c22ce10ed3226f7d3e18e0"
  integrity sha512-pDo3lu8Jhfjqls6GkMgpahsF9kCyayhgykjyLMNFTKWrpVdAQtYyB4muAMWozBB4ig/dtWAmsMxLEI8wuz+DYQ==
